
Microsoft Visual Studio Solution File, Format Version 12.00
# Visual Studio 15
VisualStudioVersion = 15.0.28010.2016
MinimumVisualStudioVersion = 10.0.40219.1
Project("{FAE04EC0-301F-11D3-BF4B-00C04F79EFBC}") = "VehicleAssembleProcess", "VehicleAssembleProcess\VehicleAssembleProcess.csproj", "{A7EFF112-7561-4685-A8F0-ECE7DAFFD3FC}"
EndProject
Project("{FAE04EC0-301F-11D3-BF4B-00C04F79EFBC}") = "UnitTestProject1", "UnitTestProject1\UnitTestProject1.csproj", "{0A176596-EEB9-4E3A-95EE-04932549F07A}"
EndProject
Global
	GlobalSection(SolutionConfigurationPlatforms) = preSolution
		Debug|Any CPU = Debug|Any CPU
		Release|Any CPU = Release|Any CPU
	EndGlobalSection
	GlobalSection(ProjectConfigurationPlatforms) = postSolution
		{A7EFF112-7561-4685-A8F0-ECE7DAFFD3FC}.Debug|Any CPU.ActiveCfg = Debug|Any CPU
		{A7EFF112-7561-4685-A8F0-ECE7DAFFD3FC}.Debug|Any CPU.Build.0 = Debug|Any CPU
		{A7EFF112-7561-4685-A8F0-ECE7DAFFD3FC}.Release|Any CPU.ActiveCfg = Release|Any CPU
		{A7EFF112-7561-4685-A8F0-ECE7DAFFD3FC}.Release|Any CPU.Build.0 = Release|Any CPU
		{0A176596-EEB9-4E3A-95EE-04932549F07A}.Debug|Any CPU.ActiveCfg = Debug|Any CPU
		{0A176596-EEB9-4E3A-95EE-04932549F07A}.Debug|Any CPU.Build.0 = Debug|Any CPU
		{0A176596-EEB9-4E3A-95EE-04932549F07A}.Release|Any CPU.ActiveCfg = Release|Any CPU
		{0A176596-EEB9-4E3A-95EE-04932549F07A}.Release|Any CPU.Build.0 = Release|Any CPU
	EndGlobalSection
	GlobalSection(SolutionProperties) = preSolution
		HideSolutionNode = FALSE
	EndGlobalSection
	GlobalSection(ExtensibilityGlobals) = postSolution
		SolutionGuid = {2C749783-FC8B-4DEE-BF9C-886FD4CF18CA}
	EndGlobalSection
EndGlobal
